
Microsoft Visual Studio Solution File, Format Version 12.00
# Visual Studio Version 16
VisualStudioVersion = 16.0.30320.27
MinimumVisualStudioVersion = 10.0.40219.1
Project("{2150E333-8FDC-42A3-9474-1A3956D46DE8}") = "Idp", "Idp", "{B11DAD6C-1D7B-42C8-A760-EE16B706EC46}"
EndProject
Project("{2150E333-8FDC-42A3-9474-1A3956D46DE8}") = "Admin", "Admin", "{22444334-C180-474E-958D-D1095C62A057}"
EndProject
Project("{2150E333-8FDC-42A3-9474-1A3956D46DE8}") = "Discussion", "Discussion", "{FD658699-F950-4C01-94FE-24B3E0FE769D}"
EndProject
Project("{2150E333-8FDC-42A3-9474-1A3956D46DE8}") = "Lib", "Lib", "{6DFB7645-3BE0-4797-9DAA-13775EEBC8CF}"
EndProject
Project("{2150E333-8FDC-42A3-9474-1A3956D46DE8}") = "Documents", "Documents", "{1EBF6BF7-7362-44E1-80A3-09AD9BF88CE7}"
EndProject
Project("{2150E333-8FDC-42A3-9474-1A3956D46DE8}") = "EMailSender", "EMailSender", "{88C2B58B-C27D-475F-A31B-3D4997420163}"
EndProject
Project("{2150E333-8FDC-42A3-9474-1A3956D46DE8}") = "AppNotifier", "AppNotifier", "{BA7B7FB9-DB24-4A5A-B0CE-7340BA935AE8}"
EndProject
Project("{2150E333-8FDC-42A3-9474-1A3956D46DE8}") = "ApiGateway", "ApiGateway", "{C5A2612E-5DB5-4C15-A76C-67C3C53BDF65}"
EndProject
Project("{FAE04EC0-301F-11D3-BF4B-00C04F79EFBC}") = "Admin.Api", "Admin.Api\Admin.Api.csproj", "{A6B9785B-33C0-40AA-8653-741E0F9023D0}"
EndProject
Project("{FAE04EC0-301F-11D3-BF4B-00C04F79EFBC}") = "ApiGateway.Api", "ApiGateway.Api\ApiGateway.Api.csproj", "{00BA5577-BA8B-4251-8FC0-C2A29FDEEE95}"
EndProject
Project("{FAE04EC0-301F-11D3-BF4B-00C04F79EFBC}") = "AppNotifier.Api", "AppNotifier.Api\AppNotifier.Api.csproj", "{4235BFAB-B9F7-45C0-B28A-BA3B2FA2C7D5}"
EndProject
Project("{FAE04EC0-301F-11D3-BF4B-00C04F79EFBC}") = "Discussion.ReadStack.Api", "Discussion.ReadStack.Api\Discussion.ReadStack.Api.csproj", "{189166FA-C2BB-47D5-9664-74341BF43F6D}"
EndProject
Project("{FAE04EC0-301F-11D3-BF4B-00C04F79EFBC}") = "Discussion.WriteStack.Api", "Discussion.WriteStack.Api\Discussion.WriteStack.Api.csproj", "{757B0E22-199B-4030-BD5A-03786B4C7437}"
EndProject
Project("{FAE04EC0-301F-11D3-BF4B-00C04F79EFBC}") = "DocumentStorage.Api", "DocumentStorage.Api\DocumentStorage.Api.csproj", "{EDCEEEDE-A4A7-47B3-BF90-1B8D3475B108}"
EndProject
Project("{FAE04EC0-301F-11D3-BF4B-00C04F79EFBC}") = "EmailSender.Api", "EmailSender.Api\EmailSender.Api.csproj", "{2946356E-AD7F-4A81-AC43-8DAAC69A47A8}"
EndProject
Project("{FAE04EC0-301F-11D3-BF4B-00C04F79EFBC}") = "IdentityProvider.Api", "IdentityProvider.Api\IdentityProvider.Api.csproj", "{2585B902-03F8-41F4-BD1B-EB55C21E75B5}"
EndProject
Project("{E53339B2-1760-4266-BCC7-CA923CBCF16C}") = "docker-compose", "docker-compose.dcproj", "{A51B5156-EE2E-465C-804E-0DE1B9B577F1}"
EndProject
Global
	GlobalSection(SolutionConfigurationPlatforms) = preSolution
		Debug|Any CPU = Debug|Any CPU
		Release|Any CPU = Release|Any CPU
	EndGlobalSection
	GlobalSection(ProjectConfigurationPlatforms) = postSolution
		{A6B9785B-33C0-40AA-8653-741E0F9023D0}.Debug|Any CPU.ActiveCfg = Debug|Any CPU
		{A6B9785B-33C0-40AA-8653-741E0F9023D0}.Debug|Any CPU.Build.0 = Debug|Any CPU
		{A6B9785B-33C0-40AA-8653-741E0F9023D0}.Release|Any CPU.ActiveCfg = Release|Any CPU
		{A6B9785B-33C0-40AA-8653-741E0F9023D0}.Release|Any CPU.Build.0 = Release|Any CPU
		{00BA5577-BA8B-4251-8FC0-C2A29FDEEE95}.Debug|Any CPU.ActiveCfg = Debug|Any CPU
		{00BA5577-BA8B-4251-8FC0-C2A29FDEEE95}.Debug|Any CPU.Build.0 = Debug|Any CPU
		{00BA5577-BA8B-4251-8FC0-C2A29FDEEE95}.Release|Any CPU.ActiveCfg = Release|Any CPU
		{00BA5577-BA8B-4251-8FC0-C2A29FDEEE95}.Release|Any CPU.Build.0 = Release|Any CPU
		{4235BFAB-B9F7-45C0-B28A-BA3B2FA2C7D5}.Debug|Any CPU.ActiveCfg = Debug|Any CPU
		{4235BFAB-B9F7-45C0-B28A-BA3B2FA2C7D5}.Debug|Any CPU.Build.0 = Debug|Any CPU
		{4235BFAB-B9F7-45C0-B28A-BA3B2FA2C7D5}.Release|Any CPU.ActiveCfg = Release|Any CPU
		{4235BFAB-B9F7-45C0-B28A-BA3B2FA2C7D5}.Release|Any CPU.Build.0 = Release|Any CPU
		{189166FA-C2BB-47D5-9664-74341BF43F6D}.Debug|Any CPU.ActiveCfg = Debug|Any CPU
		{189166FA-C2BB-47D5-9664-74341BF43F6D}.Debug|Any CPU.Build.0 = Debug|Any CPU
		{189166FA-C2BB-47D5-9664-74341BF43F6D}.Release|Any CPU.ActiveCfg = Release|Any CPU
		{189166FA-C2BB-47D5-9664-74341BF43F6D}.Release|Any CPU.Build.0 = Release|Any CPU
		{757B0E22-199B-4030-BD5A-03786B4C7437}.Debug|Any CPU.ActiveCfg = Debug|Any CPU
		{757B0E22-199B-4030-BD5A-03786B4C7437}.Debug|Any CPU.Build.0 = Debug|Any CPU
		{757B0E22-199B-4030-BD5A-03786B4C7437}.Release|Any CPU.ActiveCfg = Release|Any CPU
		{757B0E22-199B-4030-BD5A-03786B4C7437}.Release|Any CPU.Build.0 = Release|Any CPU
		{EDCEEEDE-A4A7-47B3-BF90-1B8D3475B108}.Debug|Any CPU.ActiveCfg = Debug|Any CPU
		{EDCEEEDE-A4A7-47B3-BF90-1B8D3475B108}.Debug|Any CPU.Build.0 = Debug|Any CPU
		{EDCEEEDE-A4A7-47B3-BF90-1B8D3475B108}.Release|Any CPU.ActiveCfg = Release|Any CPU
		{EDCEEEDE-A4A7-47B3-BF90-1B8D3475B108}.Release|Any CPU.Build.0 = Release|Any CPU
		{2946356E-AD7F-4A81-AC43-8DAAC69A47A8}.Debug|Any CPU.ActiveCfg = Debug|Any CPU
		{2946356E-AD7F-4A81-AC43-8DAAC69A47A8}.Debug|Any CPU.Build.0 = Debug|Any CPU
		{2946356E-AD7F-4A81-AC43-8DAAC69A47A8}.Release|Any CPU.ActiveCfg = Release|Any CPU
		{2946356E-AD7F-4A81-AC43-8DAAC69A47A8}.Release|Any CPU.Build.0 = Release|Any CPU
		{2585B902-03F8-41F4-BD1B-EB55C21E75B5}.Debug|Any CPU.ActiveCfg = Debug|Any CPU
		{2585B902-03F8-41F4-BD1B-EB55C21E75B5}.Debug|Any CPU.Build.0 = Debug|Any CPU
		{2585B902-03F8-41F4-BD1B-EB55C21E75B5}.Release|Any CPU.ActiveCfg = Release|Any CPU
		{2585B902-03F8-41F4-BD1B-EB55C21E75B5}.Release|Any CPU.Build.0 = Release|Any CPU
		{A51B5156-EE2E-465C-804E-0DE1B9B577F1}.Debug|Any CPU.ActiveCfg = Debug|Any CPU
		{A51B5156-EE2E-465C-804E-0DE1B9B577F1}.Debug|Any CPU.Build.0 = Debug|Any CPU
		{A51B5156-EE2E-465C-804E-0DE1B9B577F1}.Release|Any CPU.ActiveCfg = Release|Any CPU
		{A51B5156-EE2E-465C-804E-0DE1B9B577F1}.Release|Any CPU.Build.0 = Release|Any CPU
	EndGlobalSection
	GlobalSection(SolutionProperties) = preSolution
		HideSolutionNode = FALSE
	EndGlobalSection
	GlobalSection(NestedProjects) = preSolution
		{A6B9785B-33C0-40AA-8653-741E0F9023D0} = {22444334-C180-474E-958D-D1095C62A057}
		{00BA5577-BA8B-4251-8FC0-C2A29FDEEE95} = {C5A2612E-5DB5-4C15-A76C-67C3C53BDF65}
		{4235BFAB-B9F7-45C0-B28A-BA3B2FA2C7D5} = {BA7B7FB9-DB24-4A5A-B0CE-7340BA935AE8}
		{189166FA-C2BB-47D5-9664-74341BF43F6D} = {FD658699-F950-4C01-94FE-24B3E0FE769D}
		{757B0E22-199B-4030-BD5A-03786B4C7437} = {FD658699-F950-4C01-94FE-24B3E0FE769D}
		{EDCEEEDE-A4A7-47B3-BF90-1B8D3475B108} = {1EBF6BF7-7362-44E1-80A3-09AD9BF88CE7}
		{2946356E-AD7F-4A81-AC43-8DAAC69A47A8} = {88C2B58B-C27D-475F-A31B-3D4997420163}
		{2585B902-03F8-41F4-BD1B-EB55C21E75B5} = {B11DAD6C-1D7B-42C8-A760-EE16B706EC46}
	EndGlobalSection
	GlobalSection(ExtensibilityGlobals) = postSolution
		SolutionGuid = {C4CB7024-6C51-4962-ABA0-B17F9A383BCB}
	EndGlobalSection
EndGlobal
